
Microsoft Visual Studio Solution File, Format Version 12.00
# Visual Studio Version 16
VisualStudioVersion = 16.0.30011.22
MinimumVisualStudioVersion = 10.0.40219.1
Project("{9A19103F-16F7-4668-BE54-9A1E7A4F7556}") = "UserService", "UserService\UserService.csproj", "{E0C94182-87C1-4A99-A50F-AB9143BAF104}"
EndProject
Project("{9A19103F-16F7-4668-BE54-9A1E7A4F7556}") = "AuthService", "AuthService\AuthService.csproj", "{A087BF95-B40D-4A59-88A5-794C5899DA8F}"
EndProject
Project("{9A19103F-16F7-4668-BE54-9A1E7A4F7556}") = "InventoryService", "InventoryService\InventoryService.csproj", "{1ACB7FE1-2B6F-40BA-B393-B53E034376C8}"
EndProject
Project("{FAE04EC0-301F-11D3-BF4B-00C04F79EFBC}") = "MarketplaceService", "MarketplaceService\MarketplaceService.csproj", "{EA9B82F6-4611-4F6F-BFCC-362D954C50F8}"
EndProject
Global
	GlobalSection(SolutionConfigurationPlatforms) = preSolution
		Debug|Any CPU = Debug|Any CPU
		Release|Any CPU = Release|Any CPU
	EndGlobalSection
	GlobalSection(ProjectConfigurationPlatforms) = postSolution
		{E0C94182-87C1-4A99-A50F-AB9143BAF104}.Debug|Any CPU.ActiveCfg = Debug|Any CPU
		{E0C94182-87C1-4A99-A50F-AB9143BAF104}.Debug|Any CPU.Build.0 = Debug|Any CPU
		{E0C94182-87C1-4A99-A50F-AB9143BAF104}.Release|Any CPU.ActiveCfg = Release|Any CPU
		{E0C94182-87C1-4A99-A50F-AB9143BAF104}.Release|Any CPU.Build.0 = Release|Any CPU
		{A087BF95-B40D-4A59-88A5-794C5899DA8F}.Debug|Any CPU.ActiveCfg = Debug|Any CPU
		{A087BF95-B40D-4A59-88A5-794C5899DA8F}.Debug|Any CPU.Build.0 = Debug|Any CPU
		{A087BF95-B40D-4A59-88A5-794C5899DA8F}.Release|Any CPU.ActiveCfg = Release|Any CPU
		{A087BF95-B40D-4A59-88A5-794C5899DA8F}.Release|Any CPU.Build.0 = Release|Any CPU
		{1ACB7FE1-2B6F-40BA-B393-B53E034376C8}.Debug|Any CPU.ActiveCfg = Debug|Any CPU
		{1ACB7FE1-2B6F-40BA-B393-B53E034376C8}.Debug|Any CPU.Build.0 = Debug|Any CPU
		{1ACB7FE1-2B6F-40BA-B393-B53E034376C8}.Release|Any CPU.ActiveCfg = Release|Any CPU
		{1ACB7FE1-2B6F-40BA-B393-B53E034376C8}.Release|Any CPU.Build.0 = Release|Any CPU
		{EA9B82F6-4611-4F6F-BFCC-362D954C50F8}.Debug|Any CPU.ActiveCfg = Debug|Any CPU
		{EA9B82F6-4611-4F6F-BFCC-362D954C50F8}.Debug|Any CPU.Build.0 = Debug|Any CPU
		{EA9B82F6-4611-4F6F-BFCC-362D954C50F8}.Release|Any CPU.ActiveCfg = Release|Any CPU
		{EA9B82F6-4611-4F6F-BFCC-362D954C50F8}.Release|Any CPU.Build.0 = Release|Any CPU
	EndGlobalSection
	GlobalSection(SolutionProperties) = preSolution
		HideSolutionNode = FALSE
	EndGlobalSection
	GlobalSection(ExtensibilityGlobals) = postSolution
		SolutionGuid = {83EA0C6E-57F0-41F8-9BC8-6F1AA8164243}
	EndGlobalSection
EndGlobal
